// !$*UTF8*$!
{
	archiveVersion = 1;
	classes = {
	};
	objectVersion = 50;
	objects = {

/* Begin PBXBuildFile section */
		77742239216B4729007A1FB5 /* AppDelegate.swift in Sources */ = {isa = PBXBuildFile; fileRef = 77742238216B4729007A1FB5 /* AppDelegate.swift */; };
		7774223B216B4729007A1FB5 /* ViewController.swift in Sources */ = {isa = PBXBuildFile; fileRef = 7774223A216B4729007A1FB5 /* ViewController.swift */; };
		7774223E216B4729007A1FB5 /* Main.storyboard in Resources */ = {isa = PBXBuildFile; fileRef = 7774223C216B4729007A1FB5 /* Main.storyboard */; };
		77742240216B472B007A1FB5 /* Assets.xcassets in Resources */ = {isa = PBXBuildFile; fileRef = 7774223F216B472B007A1FB5 /* Assets.xcassets */; };
		77742243216B472B007A1FB5 /* LaunchScreen.storyboard in Resources */ = {isa = PBXBuildFile; fileRef = 77742241216B472B007A1FB5 /* LaunchScreen.storyboard */; };
		77F51E7D216B4FE10081F420 /* AllMoudleViewController.swift in Sources */ = {isa = PBXBuildFile; fileRef = 77F51E7B216B4FE10081F420 /* AllMoudleViewController.swift */; };
		77F51E7E216B4FE10081F420 /* AllMoudleViewController.xib in Resources */ = {isa = PBXBuildFile; fileRef = 77F51E7C216B4FE10081F420 /* AllMoudleViewController.xib */; };
/* End PBXBuildFile section */

/* Begin PBXFileReference section */
		77742235216B4729007A1FB5 /* TitanKingLibrary.app */ = {isa = PBXFileReference; explicitFileType = wrapper.application; includeInIndex = 0; path = TitanKingLibrary.app; sourceTree = BUILT_PRODUCTS_DIR; };
		77742238216B4729007A1FB5 /* AppDelegate.swift */ = {isa = PBXFileReference; lastKnownFileType = sourcecode.swift; path = AppDelegate.swift; sourceTree = "<group>"; };
		7774223A216B4729007A1FB5 /* ViewController.swift */ = {isa = PBXFileReference; lastKnownFileType = sourcecode.swift; path = ViewController.swift; sourceTree = "<group>"; };
		7774223D216B4729007A1FB5 /* Base */ = {isa = PBXFileReference; lastKnownFileType = file.storyboard; name = Base; path = Base.lproj/Main.storyboard; sourceTree = "<group>"; };
		7774223F216B472B007A1FB5 /* Assets.xcassets */ = {isa = PBXFileReference; lastKnownFileType = folder.assetcatalog; path = Assets.xcassets; sourceTree = "<group>"; };
		77742242216B472B007A1FB5 /* Base */ = {isa = PBXFileReference; lastKnownFileType = file.storyboard; name = Base; path = Base.lproj/LaunchScreen.storyboard; sourceTree = "<group>"; };
		77742244216B472B007A1FB5 /* Info.plist */ = {isa = PBXFileReference; lastKnownFileType = text.plist.xml; path = Info.plist; sourceTree = "<group>"; };
		77F51E7B216B4FE10081F420 /* AllMoudleViewController.swift */ = {isa = PBXFileReference; lastKnownFileType = sourcecode.swift; path = AllMoudleViewController.swift; sourceTree = "<group>"; };
		77F51E7C216B4FE10081F420 /* AllMoudleViewController.xib */ = {isa = PBXFileReference; lastKnownFileType = file.xib; path = AllMoudleViewController.xib; sourceTree = "<group>"; };
/* End PBXFileReference section */

/* Begin PBXFrameworksBuildPhase section */
		77742232216B4729007A1FB5 /* Frameworks */ = {
			isa = PBXFrameworksBuildPhase;
			buildActionMask = 2147483647;
			files = (
			);
			runOnlyForDeploymentPostprocessing = 0;
		};
/* End PBXFrameworksBuildPhase section */

/* Begin PBXGroup section */
		7774222C216B4729007A1FB5 = {
			isa = PBXGroup;
			children = (
				77742237216B4729007A1FB5 /* TitanKingLibrary */,
				77742236216B4729007A1FB5 /* Products */,
			);
			sourceTree = "<group>";
		};
		77742236216B4729007A1FB5 /* Products */ = {
			isa = PBXGroup;
			children = (
				77742235216B4729007A1FB5 /* TitanKingLibrary.app */,
			);
			name = Products;
			sourceTree = "<group>";
		};
		77742237216B4729007A1FB5 /* TitanKingLibrary */ = {
			isa = PBXGroup;
			children = (
				77F51E77216B4E970081F420 /* 功能大全 */,
				77742238216B4729007A1FB5 /* AppDelegate.swift */,
				7774223A216B4729007A1FB5 /* ViewController.swift */,
				7774223C216B4729007A1FB5 /* Main.storyboard */,
				7774223F216B472B007A1FB5 /* Assets.xcassets */,
				77742241216B472B007A1FB5 /* LaunchScreen.storyboard */,
				77742244216B472B007A1FB5 /* Info.plist */,
			);
			path = TitanKingLibrary;
			sourceTree = "<group>";
		};
		77F51E77216B4E970081F420 /* 功能大全 */ = {
			isa = PBXGroup;
			children = (
				77F51E7B216B4FE10081F420 /* AllMoudleViewController.swift */,
				77F51E7C216B4FE10081F420 /* AllMoudleViewController.xib */,
				77F51E78216B4E970081F420 /* APP评分 */,
				77F51E79216B4E970081F420 /* 签字效果 */,
				77F51E7A216B4E970081F420 /* 获取手机信息 */,
			);
			path = "功能大全";
			sourceTree = SOURCE_ROOT;
		};
		77F51E78216B4E970081F420 /* APP评分 */ = {
			isa = PBXGroup;
			children = (
			);
			path = "APP评分";
			sourceTree = "<group>";
		};
		77F51E79216B4E970081F420 /* 签字效果 */ = {
			isa = PBXGroup;
			children = (
			);
			path = "签字效果";
			sourceTree = "<group>";
		};
		77F51E7A216B4E970081F420 /* 获取手机信息 */ = {
			isa = PBXGroup;
			children = (
			);
			path = "获取手机信息";
			sourceTree = "<group>";
		};
/* End PBXGroup section */

/* Begin PBXNativeTarget section */
		77742234216B4729007A1FB5 /* TitanKingLibrary */ = {
			isa = PBXNativeTarget;
			buildConfigurationList = 77742247216B472B007A1FB5 /* Build configuration list for PBXNativeTarget "TitanKingLibrary" */;
			buildPhases = (
				77742231216B4729007A1FB5 /* Sources */,
				77742232216B4729007A1FB5 /* Frameworks */,
				77742233216B4729007A1FB5 /* Resources */,
			);
			buildRules = (
			);
			dependencies = (
			);
			name = TitanKingLibrary;
			productName = TitanKingLibrary;
			productReference = 77742235216B4729007A1FB5 /* TitanKingLibrary.app */;
			productType = "com.apple.product-type.application";
		};
/* End PBXNativeTarget section */

/* Begin PBXProject section */
		7774222D216B4729007A1FB5 /* Project object */ = {
			isa = PBXProject;
			attributes = {
				LastSwiftUpdateCheck = 1000;
				LastUpgradeCheck = 1000;
				ORGANIZATIONNAME = quanjunt;
				TargetAttributes = {
					77742234216B4729007A1FB5 = {
						CreatedOnToolsVersion = 10.0;
					};
				};
			};
			buildConfigurationList = 77742230216B4729007A1FB5 /* Build configuration list for PBXProject "TitanKingLibrary" */;
			compatibilityVersion = "Xcode 9.3";
			developmentRegion = en;
			hasScannedForEncodings = 0;
			knownRegions = (
				en,
				Base,
			);
			mainGroup = 7774222C216B4729007A1FB5;
			productRefGroup = 77742236216B4729007A1FB5 /* Products */;
			projectDirPath = "";
			projectRoot = "";
			targets = (
				77742234216B4729007A1FB5 /* TitanKingLibrary */,
			);
		};
/* End PBXProject section */

/* Begin PBXResourcesBuildPhase section */
		77742233216B4729007A1FB5 /* Resources */ = {
			isa = PBXResourcesBuildPhase;
			buildActionMask = 2147483647;
			files = (
				77742243216B472B007A1FB5 /* LaunchScreen.storyboard in Resources */,
				77742240216B472B007A1FB5 /* Assets.xcassets in Resources */,
				77F51E7E216B4FE10081F420 /* AllMoudleViewController.xib in Resources */,
				7774223E216B4729007A1FB5 /* Main.storyboard in Resources */,
			);
			runOnlyForDeploymentPostprocessing = 0;
		};
/* End PBXResourcesBuildPhase section */

/* Begin PBXSourcesBuildPhase section */
		77742231216B4729007A1FB5 /* Sources */ = {
			isa = PBXSourcesBuildPhase;
			buildActionMask = 2147483647;
			files = (
				77F51E7D216B4FE10081F420 /* AllMoudleViewController.swift in Sources */,
				7774223B216B4729007A1FB5 /* ViewController.swift in Sources */,
				77742239216B4729007A1FB5 /* AppDelegate.swift in Sources */,
			);
			runOnlyForDeploymentPostprocessing = 0;
		};
/* End PBXSourcesBuildPhase section */

/* Begin PBXVariantGroup section */
		7774223C216B4729007A1FB5 /* Main.storyboard */ = {
			isa = PBXVariantGroup;
			children = (
				7774223D216B4729007A1FB5 /* Base */,
			);
			name = Main.storyboard;
			sourceTree = "<group>";
		};
		77742241216B472B007A1FB5 /* LaunchScreen.storyboard */ = {
			isa = PBXVariantGroup;
			children = (
				77742242216B472B007A1FB5 /* Base */,
			);
			name = LaunchScreen.storyboard;
			sourceTree = "<group>";
		};
/* End PBXVariantGroup section */

/* Begin XCBuildConfiguration section */
		77742245216B472B007A1FB5 /* Debug */ = {
			isa = XCBuildConfiguration;
			buildSettings = {
				ALWAYS_SEARCH_USER_PATHS = NO;
				CLANG_ANALYZER_NONNULL = YES;
				CLANG_ANALYZER_NUMBER_OBJECT_CONVERSION = YES_AGGRESSIVE;
				CLANG_CXX_LANGUAGE_STANDARD = "gnu++14";
				CLANG_CXX_LIBRARY = "libc++";
				CLANG_ENABLE_MODULES = YES;
				CLANG_ENABLE_OBJC_ARC = YES;
				CLANG_ENABLE_OBJC_WEAK = YES;
				CLANG_WARN_BLOCK_CAPTURE_AUTORELEASING = YES;
				CLANG_WARN_BOOL_CONVERSION = YES;
				CLANG_WARN_COMMA = YES;
				CLANG_WARN_CONSTANT_CONVERSION = YES;
				CLANG_WARN_DEPRECATED_OBJC_IMPLEMENTATIONS = YES;
				CLANG_WARN_DIRECT_OBJC_ISA_USAGE = YES_ERROR;
				CLANG_WARN_DOCUMENTATION_COMMENTS = YES;
				CLANG_WARN_EMPTY_BODY = YES;
				CLANG_WARN_ENUM_CONVERSION = YES;
				CLANG_WARN_INFINITE_RECURSION = YES;
				CLANG_WARN_INT_CONVERSION = YES;
				CLANG_WARN_NON_LITERAL_NULL_CONVERSION = YES;
				CLANG_WARN_OBJC_IMPLICIT_RETAIN_SELF = YES;
				CLANG_WARN_OBJC_LITERAL_CONVERSION = YES;
				CLANG_WARN_OBJC_ROOT_CLASS = YES_ERROR;
				CLANG_WARN_RANGE_LOOP_ANALYSIS = YES;
				CLANG_WARN_STRICT_PROTOTYPES = YES;
				CLANG_WARN_SUSPICIOUS_MOVE = YES;
				CLANG_WARN_UNGUARDED_AVAILABILITY = YES_AGGRESSIVE;
				CLANG_WARN_UNREACHABLE_CODE = YES;
				CLANG_WARN__DUPLICATE_METHOD_MATCH = YES;
				CODE_SIGN_IDENTITY = "iPhone Developer";
				COPY_PHASE_STRIP = NO;
				DEBUG_INFORMATION_FORMAT = dwarf;
				ENABLE_STRICT_OBJC_MSGSEND = YES;
				ENABLE_TESTABILITY = YES;
				GCC_C_LANGUAGE_STANDARD = gnu11;
				GCC_DYNAMIC_NO_PIC = NO;
				GCC_NO_COMMON_BLOCKS = YES;
				GCC_OPTIMIZATION_LEVEL = 0;
				GCC_PREPROCESSOR_DEFINITIONS = (
					"DEBUG=1",
					"$(inherited)",
				);
				GCC_WARN_64_TO_32_BIT_CONVERSION = YES;
				GCC_WARN_ABOUT_RETURN_TYPE = YES_ERROR;
				GCC_WARN_UNDECLARED_SELECTOR = YES;
				GCC_WARN_UNINITIALIZED_AUTOS = YES_AGGRESSIVE;
				GCC_WARN_UNUSED_FUNCTION = YES;
				GCC_WARN_UNUSED_VARIABLE = YES;
				IPHONEOS_DEPLOYMENT_TARGET = 12.0;
				MTL_ENABLE_DEBUG_INFO = INCLUDE_SOURCE;
				MTL_FAST_MATH = YES;
				ONLY_ACTIVE_ARCH = YES;
				SDKROOT = iphoneos;
				SWIFT_ACTIVE_COMPILATION_CONDITIONS = DEBUG;
				SWIFT_OPTIMIZATION_LEVEL = "-Onone";
			};
			name = Debug;
		};
		77742246216B472B007A1FB5 /* Release */ = {
			isa = XCBuildConfiguration;
			buildSettings = {
				ALWAYS_SEARCH_USER_PATHS = NO;
				CLANG_ANALYZER_NONNULL = YES;
				CLANG_ANALYZER_NUMBER_OBJECT_CONVERSION = YES_AGGRESSIVE;
				CLANG_CXX_LANGUAGE_STANDARD = "gnu++14";
				CLANG_CXX_LIBRARY = "libc++";
				CLANG_ENABLE_MODULES = YES;
				CLANG_ENABLE_OBJC_ARC = YES;
				CLANG_ENABLE_OBJC_WEAK = YES;
				CLANG_WARN_BLOCK_CAPTURE_AUTORELEASING = YES;
				CLANG_WARN_BOOL_CONVERSION = YES;
				CLANG_WARN_COMMA = YES;
				CLANG_WARN_CONSTANT_CONVERSION = YES;
				CLANG_WARN_DEPRECATED_OBJC_IMPLEMENTATIONS = YES;
				CLANG_WARN_DIRECT_OBJC_ISA_USAGE = YES_ERROR;
				CLANG_WARN_DOCUMENTATION_COMMENTS = YES;
				CLANG_WARN_EMPTY_BODY = YES;
				CLANG_WARN_ENUM_CONVERSION = YES;
				CLANG_WARN_INFINITE_RECURSION = YES;
				CLANG_WARN_INT_CONVERSION = YES;
				CLANG_WARN_NON_LITERAL_NULL_CONVERSION = YES;
				CLANG_WARN_OBJC_IMPLICIT_RETAIN_SELF = YES;
				CLANG_WARN_OBJC_LITERAL_CONVERSION = YES;
				CLANG_WARN_OBJC_ROOT_CLASS = YES_ERROR;
				CLANG_WARN_RANGE_LOOP_ANALYSIS = YES;
				CLANG_WARN_STRICT_PROTOTYPES = YES;
				CLANG_WARN_SUSPICIOUS_MOVE = YES;
				CLANG_WARN_UNGUARDED_AVAILABILITY = YES_AGGRESSIVE;
				CLANG_WARN_UNREACHABLE_CODE = YES;
				CLANG_WARN__DUPLICATE_METHOD_MATCH = YES;
				CODE_SIGN_IDENTITY = "iPhone Developer";
				COPY_PHASE_STRIP = NO;
				DEBUG_INFORMATION_FORMAT = "dwarf-with-dsym";
				ENABLE_NS_ASSERTIONS = NO;
				ENABLE_STRICT_OBJC_MSGSEND = YES;
				GCC_C_LANGUAGE_STANDARD = gnu11;
				GCC_NO_COMMON_BLOCKS = YES;
				GCC_WARN_64_TO_32_BIT_CONVERSION = YES;
				GCC_WARN_ABOUT_RETURN_TYPE = YES_ERROR;
				GCC_WARN_UNDECLARED_SELECTOR = YES;
				GCC_WARN_UNINITIALIZED_AUTOS = YES_AGGRESSIVE;
				GCC_WARN_UNUSED_FUNCTION = YES;
				GCC_WARN_UNUSED_VARIABLE = YES;
				IPHONEOS_DEPLOYMENT_TARGET = 12.0;
				MTL_ENABLE_DEBUG_INFO = NO;
				MTL_FAST_MATH = YES;
				SDKROOT = iphoneos;
				SWIFT_COMPILATION_MODE = wholemodule;
				SWIFT_OPTIMIZATION_LEVEL = "-O";
				VALIDATE_PRODUCT = YES;
			};
			name = Release;
		};
		77742248216B472B007A1FB5 /* Debug */ = {
			isa = XCBuildConfiguration;
			buildSettings = {
				ASSETCATALOG_COMPILER_APPICON_NAME = AppIcon;
				CODE_SIGN_STYLE = Automatic;
				INFOPLIST_FILE = TitanKingLibrary/Info.plist;
				LD_RUNPATH_SEARCH_PATHS = (
					"$(inherited)",
					"@executable_path/Frameworks",
				);
				PRODUCT_BUNDLE_IDENTIFIER = com.candylink.www.TitanKingLibrary;
				PRODUCT_NAME = "$(TARGET_NAME)";
				SWIFT_VERSION = 4.2;
				TARGETED_DEVICE_FAMILY = "1,2";
			};
			name = Debug;
		};
		77742249216B472B007A1FB5 /* Release */ = {
			isa = XCBuildConfiguration;
			buildSettings = {
				ASSETCATALOG_COMPILER_APPICON_NAME = AppIcon;
				CODE_SIGN_STYLE = Automatic;
				INFOPLIST_FILE = TitanKingLibrary/Info.plist;
				LD_RUNPATH_SEARCH_PATHS = (
					"$(inherited)",
					"@executable_path/Frameworks",
				);
				PRODUCT_BUNDLE_IDENTIFIER = com.candylink.www.TitanKingLibrary;
				PRODUCT_NAME = "$(TARGET_NAME)";
				SWIFT_VERSION = 4.2;
				TARGETED_DEVICE_FAMILY = "1,2";
			};
			name = Release;
		};
/* End XCBuildConfiguration section */

/* Begin XCConfigurationList section */
		77742230216B4729007A1FB5 /* Build configuration list for PBXProject "TitanKingLibrary" */ = {
			isa = XCConfigurationList;
			buildConfigurations = (
				77742245216B472B007A1FB5 /* Debug */,
				77742246216B472B007A1FB5 /* Release */,
			);
			defaultConfigurationIsVisible = 0;
			defaultConfigurationName = Release;
		};
		77742247216B472B007A1FB5 /* Build configuration list for PBXNativeTarget "TitanKingLibrary" */ = {
			isa = XCConfigurationList;
			buildConfigurations = (
				77742248216B472B007A1FB5 /* Debug */,
				77742249216B472B007A1FB5 /* Release */,
			);
			defaultConfigurationIsVisible = 0;
			defaultConfigurationName = Release;
		};
/* End XCConfigurationList section */
	};
	rootObject = 7774222D216B4729007A1FB5 /* Project object */;
}
